
Microsoft Visual Studio Solution File, Format Version 12.00
# Visual Studio Version 16
VisualStudioVersion = 16.0.31205.134
MinimumVisualStudioVersion = 10.0.40219.1
Project("{9A19103F-16F7-4668-BE54-9A1E7A4F7556}") = "Anagramma", "Anagramma.csproj", "{E78740B5-C8E6-4C98-94F9-93C55DDE5453}"
EndProject
Project("{FAE04EC0-301F-11D3-BF4B-00C04F79EFBC}") = "Anagramma.Tests", "..\Anagramma.Tests\Anagramma.Tests.csproj", "{86BFD762-21F5-4EAA-814E-A7E6376DED95}"
EndProject
Global
	GlobalSection(SolutionConfigurationPlatforms) = preSolution
		Debug|Any CPU = Debug|Any CPU
		Release|Any CPU = Release|Any CPU
	EndGlobalSection
	GlobalSection(ProjectConfigurationPlatforms) = postSolution
		{E78740B5-C8E6-4C98-94F9-93C55DDE5453}.Debug|Any CPU.ActiveCfg = Debug|Any CPU
		{E78740B5-C8E6-4C98-94F9-93C55DDE5453}.Debug|Any CPU.Build.0 = Debug|Any CPU
		{E78740B5-C8E6-4C98-94F9-93C55DDE5453}.Release|Any CPU.ActiveCfg = Release|Any CPU
		{E78740B5-C8E6-4C98-94F9-93C55DDE5453}.Release|Any CPU.Build.0 = Release|Any CPU
		{86BFD762-21F5-4EAA-814E-A7E6376DED95}.Debug|Any CPU.ActiveCfg = Debug|Any CPU
		{86BFD762-21F5-4EAA-814E-A7E6376DED95}.Debug|Any CPU.Build.0 = Debug|Any CPU
		{86BFD762-21F5-4EAA-814E-A7E6376DED95}.Release|Any CPU.ActiveCfg = Release|Any CPU
		{86BFD762-21F5-4EAA-814E-A7E6376DED95}.Release|Any CPU.Build.0 = Release|Any CPU
	EndGlobalSection
	GlobalSection(SolutionProperties) = preSolution
		HideSolutionNode = FALSE
	EndGlobalSection
	GlobalSection(ExtensibilityGlobals) = postSolution
		SolutionGuid = {FDC5784A-0781-4EFF-81F7-355A59B08A8B}
	EndGlobalSection
EndGlobal
